
Microsoft Visual Studio Solution File, Format Version 12.00
# Visual Studio 15
VisualStudioVersion = 15.0.27130.2003
MinimumVisualStudioVersion = 10.0.40219.1
Project("{FAE04EC0-301F-11D3-BF4B-00C04F79EFBC}") = "Apollo.ERService.SpecflowTests", "Apollo.ERService.SpecflowTests\Apollo.ERService.SpecflowTests.csproj", "{0DF99F84-83C0-4011-A0D6-B43BA9803FAE}"
EndProject
Global
	GlobalSection(SolutionConfigurationPlatforms) = preSolution
		Debug|Any CPU = Debug|Any CPU
		Release|Any CPU = Release|Any CPU
	EndGlobalSection
	GlobalSection(ProjectConfigurationPlatforms) = postSolution
		{0DF99F84-83C0-4011-A0D6-B43BA9803FAE}.Debug|Any CPU.ActiveCfg = Debug|Any CPU
		{0DF99F84-83C0-4011-A0D6-B43BA9803FAE}.Debug|Any CPU.Build.0 = Debug|Any CPU
		{0DF99F84-83C0-4011-A0D6-B43BA9803FAE}.Release|Any CPU.ActiveCfg = Release|Any CPU
		{0DF99F84-83C0-4011-A0D6-B43BA9803FAE}.Release|Any CPU.Build.0 = Release|Any CPU
	EndGlobalSection
	GlobalSection(SolutionProperties) = preSolution
		HideSolutionNode = FALSE
	EndGlobalSection
	GlobalSection(ExtensibilityGlobals) = postSolution
		SolutionGuid = {E72DA7AC-771F-418E-A1B5-50E44F562161}
	EndGlobalSection
EndGlobal
